
Microsoft Visual Studio Solution File, Format Version 12.00
# Visual Studio Version 16
VisualStudioVersion = 16.0.30621.155
MinimumVisualStudioVersion = 10.0.40219.1
Project("{FAE04EC0-301F-11D3-BF4B-00C04F79EFBC}") = "AdoCrudTutorials", "AdoCrudTutorials.csproj", "{F27854B7-F992-4924-A07B-1DD8A2741716}"
EndProject
Project("{FAE04EC0-301F-11D3-BF4B-00C04F79EFBC}") = "AdoCrudLibrary", "..\AdoCrudLibrary\AdoCrudLibrary.csproj", "{1AD91628-A96D-4E12-8378-D772C69B94C8}"
EndProject
Global
	GlobalSection(SolutionConfigurationPlatforms) = preSolution
		Debug|Any CPU = Debug|Any CPU
		Release|Any CPU = Release|Any CPU
	EndGlobalSection
	GlobalSection(ProjectConfigurationPlatforms) = postSolution
		{F27854B7-F992-4924-A07B-1DD8A2741716}.Debug|Any CPU.ActiveCfg = Debug|Any CPU
		{F27854B7-F992-4924-A07B-1DD8A2741716}.Debug|Any CPU.Build.0 = Debug|Any CPU
		{F27854B7-F992-4924-A07B-1DD8A2741716}.Release|Any CPU.ActiveCfg = Release|Any CPU
		{F27854B7-F992-4924-A07B-1DD8A2741716}.Release|Any CPU.Build.0 = Release|Any CPU
		{1AD91628-A96D-4E12-8378-D772C69B94C8}.Debug|Any CPU.ActiveCfg = Debug|Any CPU
		{1AD91628-A96D-4E12-8378-D772C69B94C8}.Debug|Any CPU.Build.0 = Debug|Any CPU
		{1AD91628-A96D-4E12-8378-D772C69B94C8}.Release|Any CPU.ActiveCfg = Release|Any CPU
		{1AD91628-A96D-4E12-8378-D772C69B94C8}.Release|Any CPU.Build.0 = Release|Any CPU
	EndGlobalSection
	GlobalSection(SolutionProperties) = preSolution
		HideSolutionNode = FALSE
	EndGlobalSection
	GlobalSection(ExtensibilityGlobals) = postSolution
		SolutionGuid = {354F81B0-6546-4E15-8187-F31A9F58695A}
	EndGlobalSection
EndGlobal
